{
	"name": "@sveltejs/adapter-begin",
	"version": "0.0.0",
	"lockfileVersion": 1,
	"requires": true,
	"dependencies": {
		"@architect/parser": {
			"version": "2.3.0",
			"resolved": "https://registry.npmjs.org/@architect/parser/-/parser-2.3.0.tgz",
			"integrity": "sha512-5VnJNg4O49QSAW2hYPpG0pkgwBF5xGzQTn2fiNifztCynLrGNgyaloFrn1eVMIGDjq85+x6a5jai+zKN+dKUSA=="
		}
	}
}
