{
	"name": "@sveltejs/app-utils",
	"version": "0.0.12",
	"lockfileVersion": 1,
	"requires": true,
	"dependencies": {
		"@sinonjs/commons": {
			"version": "1.8.1",
			"resolved": "https://registry.npmjs.org/@sinonjs/commons/-/commons-1.8.1.tgz",
			"integrity": "sha512-892K+kWUUi3cl+LlqEWIDrhvLgdL79tECi8JZUyq6IviKy/DNhuzCRlbHUjxK89f4ypPMMaFnFuR9Ie6DoIMsw==",
			"dev": true,
			"requires": {
				"type-detect": "4.0.8"
			}
		},
		"@sinonjs/fake-timers": {
			"version": "6.0.1",
			"resolved": "https://registry.npmjs.org/@sinonjs/fake-timers/-/fake-timers-6.0.1.tgz",
			"integrity": "sha512-MZPUxrmFubI36XS1DI3qmI0YdN1gks62JtFZvxR67ljjSNCeK6U08Zx4msEWOXuofgqUt6zPHSi1H9fbjR/NRA==",
			"dev": true,
			"requires": {
				"@sinonjs/commons": "^1.7.0"
			}
		},
		"@sinonjs/formatio": {
			"version": "5.0.1",
			"resolved": "https://registry.npmjs.org/@sinonjs/formatio/-/formatio-5.0.1.tgz",
			"integrity": "sha512-KaiQ5pBf1MpS09MuA0kp6KBQt2JUOQycqVG1NZXvzeaXe5LGFqAKueIS0bw4w0P9r7KuBSVdUk5QjXsUdu2CxQ==",
			"dev": true,
			"requires": {
				"@sinonjs/commons": "^1",
				"@sinonjs/samsam": "^5.0.2"
			}
		},
		"@sinonjs/samsam": {
			"version": "5.2.0",
			"resolved": "https://registry.npmjs.org/@sinonjs/samsam/-/samsam-5.2.0.tgz",
			"integrity": "sha512-CaIcyX5cDsjcW/ab7HposFWzV1kC++4HNsfnEdFJa7cP1QIuILAKV+BgfeqRXhcnSAc76r/Rh/O5C+300BwUIw==",
			"dev": true,
			"requires": {
				"@sinonjs/commons": "^1.6.0",
				"lodash.get": "^4.4.2",
				"type-detect": "^4.0.8"
			}
		},
		"@sinonjs/text-encoding": {
			"version": "0.7.1",
			"resolved": "https://registry.npmjs.org/@sinonjs/text-encoding/-/text-encoding-0.7.1.tgz",
			"integrity": "sha512-+iTbntw2IZPb/anVDbypzfQa+ay64MW0Zo8aJ8gZPWMMK6/OubMVb6lUPMagqjOPnmtauXnFCACVl3O7ogjeqQ==",
			"dev": true
		},
		"@types/chai": {
			"version": "4.2.14",
			"resolved": "https://registry.npmjs.org/@types/chai/-/chai-4.2.14.tgz",
			"integrity": "sha512-G+ITQPXkwTrslfG5L/BksmbLUA0M1iybEsmCWPqzSxsRRhJZimBKJkoMi8fr/CPygPTj4zO5pJH7I2/cm9M7SQ==",
			"dev": true
		},
		"@types/node": {
			"version": "14.14.0",
			"resolved": "https://registry.npmjs.org/@types/node/-/node-14.14.0.tgz",
			"integrity": "sha512-BfbIHP9IapdupGhq/hc+jT5dyiBVZ2DdeC5WwJWQWDb0GijQlzUFAeIQn/2GtvZcd2HVUU7An8felIICFTC2qg==",
			"dev": true
		},
		"@types/sinon": {
			"version": "9.0.8",
			"resolved": "https://registry.npmjs.org/@types/sinon/-/sinon-9.0.8.tgz",
			"integrity": "sha512-IVnI820FZFMGI+u1R+2VdRaD/82YIQTdqLYC9DLPszZuynAJDtCvCtCs3bmyL66s7FqRM3+LPX7DhHnVTaagDw==",
			"dev": true,
			"requires": {
				"@types/sinonjs__fake-timers": "*"
			}
		},
		"@types/sinon-chai": {
			"version": "3.2.5",
			"resolved": "https://registry.npmjs.org/@types/sinon-chai/-/sinon-chai-3.2.5.tgz",
			"integrity": "sha512-bKQqIpew7mmIGNRlxW6Zli/QVyc3zikpGzCa797B/tRnD9OtHvZ/ts8sYXV+Ilj9u3QRaUEM8xrjgd1gwm1BpQ==",
			"dev": true,
			"requires": {
				"@types/chai": "*",
				"@types/sinon": "*"
			}
		},
		"@types/sinonjs__fake-timers": {
			"version": "6.0.2",
			"resolved": "https://registry.npmjs.org/@types/sinonjs__fake-timers/-/sinonjs__fake-timers-6.0.2.tgz",
			"integrity": "sha512-dIPoZ3g5gcx9zZEszaxLSVTvMReD3xxyyDnQUjA6IYDG9Ba2AV0otMPs+77sG9ojB4Qr2N2Vk5RnKeuA0X/0bg==",
			"dev": true
		},
		"dequal": {
			"version": "2.0.2",
			"resolved": "https://registry.npmjs.org/dequal/-/dequal-2.0.2.tgz",
			"integrity": "sha512-q9K8BlJVxK7hQYqa6XISGmBZbtQQWVXSrRrWreHC94rMt1QL/Impruc+7p2CYSYuVIUr+YCt6hjrs1kkdJRTug==",
			"dev": true
		},
		"devalue": {
			"version": "2.0.1",
			"dev": true
		},
		"diff": {
			"version": "4.0.2",
			"resolved": "https://registry.npmjs.org/diff/-/diff-4.0.2.tgz",
			"integrity": "sha512-58lmxKSA4BNyLz+HHMUzlOEpg09FV+ev6ZMe3vJihgdxzgcwZ8VoEEPmALCZG9LmqfVoNMMKpttIYTVG6uDY7A==",
			"dev": true
		},
		"has-flag": {
			"version": "4.0.0",
			"resolved": "https://registry.npmjs.org/has-flag/-/has-flag-4.0.0.tgz",
			"integrity": "sha512-EykJT/Q1KjTWctppgIAgfSO0tKVuZUjhgMr17kqTumMl6Afv3EISleU7qZUzoXDFTAHTDC4NOoG/ZxU3EvlMPQ==",
			"dev": true
		},
		"isarray": {
			"version": "0.0.1",
			"resolved": "https://registry.npmjs.org/isarray/-/isarray-0.0.1.tgz",
			"integrity": "sha1-ihis/Kmo9Bd+Cav8YDiTmwXR7t8=",
			"dev": true
		},
		"just-extend": {
			"version": "4.1.1",
			"resolved": "https://registry.npmjs.org/just-extend/-/just-extend-4.1.1.tgz",
			"integrity": "sha512-aWgeGFW67BP3e5181Ep1Fv2v8z//iBJfrvyTnq8wG86vEESwmonn1zPBJ0VfmT9CJq2FIT0VsETtrNFm2a+SHA==",
			"dev": true
		},
		"kleur": {
			"version": "4.1.3",
			"resolved": "https://registry.npmjs.org/kleur/-/kleur-4.1.3.tgz",
			"integrity": "sha512-H1tr8QP2PxFTNwAFM74Mui2b6ovcY9FoxJefgrwxY+OCJcq01k5nvhf4M/KnizzrJvLRap5STUy7dgDV35iUBw==",
			"dev": true
		},
		"lodash.get": {
			"version": "4.4.2",
			"resolved": "https://registry.npmjs.org/lodash.get/-/lodash.get-4.4.2.tgz",
			"integrity": "sha1-LRd/ZS+jHpObRDjVNBSZ36OCXpk=",
			"dev": true
		},
		"mime": {
			"version": "2.4.6"
		},
		"mri": {
			"version": "1.1.6",
			"resolved": "https://registry.npmjs.org/mri/-/mri-1.1.6.tgz",
			"integrity": "sha512-oi1b3MfbyGa7FJMP9GmLTttni5JoICpYBRlq+x5V16fZbLsnL9N3wFqqIm/nIG43FjUFkFh9Epzp/kzUGUnJxQ==",
			"dev": true
		},
		"nise": {
			"version": "4.0.4",
			"resolved": "https://registry.npmjs.org/nise/-/nise-4.0.4.tgz",
			"integrity": "sha512-bTTRUNlemx6deJa+ZyoCUTRvH3liK5+N6VQZ4NIw90AgDXY6iPnsqplNFf6STcj+ePk0H/xqxnP75Lr0J0Fq3A==",
			"dev": true,
			"requires": {
				"@sinonjs/commons": "^1.7.0",
				"@sinonjs/fake-timers": "^6.0.0",
				"@sinonjs/text-encoding": "^0.7.1",
				"just-extend": "^4.0.2",
				"path-to-regexp": "^1.7.0"
			}
		},
		"node-fetch": {
			"version": "2.6.1",
			"dev": true
		},
		"path-to-regexp": {
			"version": "1.8.0",
			"resolved": "https://registry.npmjs.org/path-to-regexp/-/path-to-regexp-1.8.0.tgz",
			"integrity": "sha512-n43JRhlUKUAlibEJhPeir1ncUID16QnEjNpwzNdO3Lm4ywrBpBZ5oLD0I6br9evr1Y9JTqwRtAh7JLoOzAQdVA==",
			"dev": true,
			"requires": {
				"isarray": "0.0.1"
			}
		},
		"rollup": {
			"version": "2.32.0",
			"dev": true,
			"requires": {
				"fsevents": "~2.1.2"
			},
			"dependencies": {
				"fsevents": {
					"version": "2.1.3",
					"resolved": "https://registry.npmjs.org/fsevents/-/fsevents-2.1.3.tgz",
					"integrity": "sha512-Auw9a4AxqWpa9GUfj370BMPzzyncfBABW8Mab7BGWBYDj4Isgq+cDKtx0i6u9jcX9pQDnswsaaOTgTmA5pEjuQ==",
					"dev": true,
					"optional": true
				}
			}
		},
		"sade": {
			"version": "1.7.4",
			"resolved": "https://registry.npmjs.org/sade/-/sade-1.7.4.tgz",
			"integrity": "sha512-y5yauMD93rX840MwUJr7C1ysLFBgMspsdTo4UVrDg3fXDvtwOyIqykhVAAm6fk/3au77773itJStObgK+LKaiA==",
			"dev": true,
			"requires": {
				"mri": "^1.1.0"
			}
		},
		"sinon": {
			"version": "9.2.0",
			"resolved": "https://registry.npmjs.org/sinon/-/sinon-9.2.0.tgz",
			"integrity": "sha512-eSNXz1XMcGEMHw08NJXSyTHIu6qTCOiN8x9ODACmZpNQpr0aXTBXBnI4xTzQzR+TEpOmLiKowGf9flCuKIzsbw==",
			"dev": true,
			"requires": {
				"@sinonjs/commons": "^1.8.1",
				"@sinonjs/fake-timers": "^6.0.1",
				"@sinonjs/formatio": "^5.0.1",
				"@sinonjs/samsam": "^5.2.0",
				"diff": "^4.0.2",
				"nise": "^4.0.4",
				"supports-color": "^7.1.0"
			}
		},
		"supports-color": {
			"version": "7.2.0",
			"resolved": "https://registry.npmjs.org/supports-color/-/supports-color-7.2.0.tgz",
			"integrity": "sha512-qpCAvRl9stuOHveKsn7HncJRvv501qIacKzQlO/+Lwxc9+0q2wLyv4Dfvt80/DPn2pqOBsJdDiogXGR9+OvwRw==",
			"dev": true,
			"requires": {
				"has-flag": "^4.0.0"
			}
		},
		"svelte": {
			"version": "3.29.0",
			"dev": true
		},
		"totalist": {
			"version": "2.0.0",
			"resolved": "https://registry.npmjs.org/totalist/-/totalist-2.0.0.tgz",
			"integrity": "sha512-+Y17F0YzxfACxTyjfhnJQEe7afPA0GSpYlFkl2VFMxYP7jshQf9gXV7cH47EfToBumFThfKBvfAcoUn6fdNeRQ==",
			"dev": true
		},
		"ts-sinon": {
			"version": "2.0.1",
			"resolved": "https://registry.npmjs.org/ts-sinon/-/ts-sinon-2.0.1.tgz",
			"integrity": "sha512-uI5huDCY6Gw6Yczmyd/Jcu8gZZYtWO0HakPShvDmlrgcywLyFZ7lgWt1y+gd/x79ReHh+rhMAJkhQkGRnPNikw==",
			"dev": true,
			"requires": {
				"@types/node": "^14.6.1",
				"@types/sinon": "^9.0.5",
				"@types/sinon-chai": "^3.2.4",
				"sinon": "^9.0.3"
			}
		},
		"type-detect": {
			"version": "4.0.8",
			"resolved": "https://registry.npmjs.org/type-detect/-/type-detect-4.0.8.tgz",
			"integrity": "sha512-0fr/mIH1dlO+x7TlcMy+bIDqKPsw/70tVyeHW787goQjhmqaZe10uwLujubK9q9Lg6Fiho1KUKDYz0Z7k7g5/g==",
			"dev": true
		},
		"uvu": {
			"version": "0.3.4",
			"resolved": "https://registry.npmjs.org/uvu/-/uvu-0.3.4.tgz",
			"integrity": "sha512-UM8M8r+85jYdwn4XII8cjQTojRAkNIaB3kA6FRXX0dQTDAE2NfWs0hLcLJm9/XL1aIFwhSp05vDfDDBlpnZgcg==",
			"dev": true,
			"requires": {
				"dequal": "^2.0.0",
				"diff": "^4.0.2",
				"kleur": "^4.0.3",
				"sade": "^1.7.3",
				"totalist": "^2.0.0"
			}
		}
	}
}
